
Microsoft Visual Studio Solution File, Format Version 12.00
# Visual Studio Version 17
VisualStudioVersion = 17.4.33213.308
MinimumVisualStudioVersion = 10.0.40219.1
Project("{9A19103F-16F7-4668-BE54-9A1E7A4F7556}") = "SeleniumWebDriverDemo", "SeleniumWebDriverDemo.csproj", "{C754914F-18A1-468A-854D-0C626FE29671}"
EndProject
Project("{9A19103F-16F7-4668-BE54-9A1E7A4F7556}") = "SelenuimWebDriverNUnitDemo", "..\SelenuimWebDriverNUnitDemo\SelenuimWebDriverNUnitDemo.csproj", "{E5340BCD-3606-4B5E-A2E7-2EFB5BDBAB6C}"
EndProject
Project("{9A19103F-16F7-4668-BE54-9A1E7A4F7556}") = "DataDrivenWebDriverTests", "..\DataDrivenWebDriverTests\DataDrivenWebDriverTests.csproj", "{33A538A3-022C-4BA5-9726-17D31261B805}"
EndProject
Project("{9A19103F-16F7-4668-BE54-9A1E7A4F7556}") = "WebDriverWaitExample", "..\WebDriverWaitExample\WebDriverWaitExample.csproj", "{7B81F017-9602-405B-BFD9-5B431E6FB45C}"
EndProject
Project("{9A19103F-16F7-4668-BE54-9A1E7A4F7556}") = "SoftUniWebDriverTestsExamples", "..\SoftUniWebDriverTestsExamples\SoftUniWebDriverTestsExamples.csproj", "{29C11E19-F522-44AA-BB65-3BAA78FACFBE}"
EndProject
Project("{FAE04EC0-301F-11D3-BF4B-00C04F79EFBC}") = "WebDriverCalculatorPOM", "..\WebDriverCalculatorPOM\WebDriverCalculatorPOM.csproj", "{E35E6457-BEE8-4A96-9AEF-42E910DD01C3}"
EndProject
Project("{FAE04EC0-301F-11D3-BF4B-00C04F79EFBC}") = "WebDriverStudentsPOM", "..\WebDriverStudentsPOM\WebDriverStudentsPOM.csproj", "{3047CA15-B840-41AA-9B0F-EE3636B4FD6E}"
EndProject
Global
	GlobalSection(SolutionConfigurationPlatforms) = preSolution
		Debug|Any CPU = Debug|Any CPU
		Release|Any CPU = Release|Any CPU
	EndGlobalSection
	GlobalSection(ProjectConfigurationPlatforms) = postSolution
		{C754914F-18A1-468A-854D-0C626FE29671}.Debug|Any CPU.ActiveCfg = Debug|Any CPU
		{C754914F-18A1-468A-854D-0C626FE29671}.Debug|Any CPU.Build.0 = Debug|Any CPU
		{C754914F-18A1-468A-854D-0C626FE29671}.Release|Any CPU.ActiveCfg = Release|Any CPU
		{C754914F-18A1-468A-854D-0C626FE29671}.Release|Any CPU.Build.0 = Release|Any CPU
		{E5340BCD-3606-4B5E-A2E7-2EFB5BDBAB6C}.Debug|Any CPU.ActiveCfg = Debug|Any CPU
		{E5340BCD-3606-4B5E-A2E7-2EFB5BDBAB6C}.Debug|Any CPU.Build.0 = Debug|Any CPU
		{E5340BCD-3606-4B5E-A2E7-2EFB5BDBAB6C}.Release|Any CPU.ActiveCfg = Release|Any CPU
		{E5340BCD-3606-4B5E-A2E7-2EFB5BDBAB6C}.Release|Any CPU.Build.0 = Release|Any CPU
		{33A538A3-022C-4BA5-9726-17D31261B805}.Debug|Any CPU.ActiveCfg = Debug|Any CPU
		{33A538A3-022C-4BA5-9726-17D31261B805}.Debug|Any CPU.Build.0 = Debug|Any CPU
		{33A538A3-022C-4BA5-9726-17D31261B805}.Release|Any CPU.ActiveCfg = Release|Any CPU
		{33A538A3-022C-4BA5-9726-17D31261B805}.Release|Any CPU.Build.0 = Release|Any CPU
		{7B81F017-9602-405B-BFD9-5B431E6FB45C}.Debug|Any CPU.ActiveCfg = Debug|Any CPU
		{7B81F017-9602-405B-BFD9-5B431E6FB45C}.Debug|Any CPU.Build.0 = Debug|Any CPU
		{7B81F017-9602-405B-BFD9-5B431E6FB45C}.Release|Any CPU.ActiveCfg = Release|Any CPU
		{7B81F017-9602-405B-BFD9-5B431E6FB45C}.Release|Any CPU.Build.0 = Release|Any CPU
		{29C11E19-F522-44AA-BB65-3BAA78FACFBE}.Debug|Any CPU.ActiveCfg = Debug|Any CPU
		{29C11E19-F522-44AA-BB65-3BAA78FACFBE}.Debug|Any CPU.Build.0 = Debug|Any CPU
		{29C11E19-F522-44AA-BB65-3BAA78FACFBE}.Release|Any CPU.ActiveCfg = Release|Any CPU
		{29C11E19-F522-44AA-BB65-3BAA78FACFBE}.Release|Any CPU.Build.0 = Release|Any CPU
		{E35E6457-BEE8-4A96-9AEF-42E910DD01C3}.Debug|Any CPU.ActiveCfg = Debug|Any CPU
		{E35E6457-BEE8-4A96-9AEF-42E910DD01C3}.Debug|Any CPU.Build.0 = Debug|Any CPU
		{E35E6457-BEE8-4A96-9AEF-42E910DD01C3}.Release|Any CPU.ActiveCfg = Release|Any CPU
		{E35E6457-BEE8-4A96-9AEF-42E910DD01C3}.Release|Any CPU.Build.0 = Release|Any CPU
		{3047CA15-B840-41AA-9B0F-EE3636B4FD6E}.Debug|Any CPU.ActiveCfg = Debug|Any CPU
		{3047CA15-B840-41AA-9B0F-EE3636B4FD6E}.Debug|Any CPU.Build.0 = Debug|Any CPU
		{3047CA15-B840-41AA-9B0F-EE3636B4FD6E}.Release|Any CPU.ActiveCfg = Release|Any CPU
		{3047CA15-B840-41AA-9B0F-EE3636B4FD6E}.Release|Any CPU.Build.0 = Release|Any CPU
	EndGlobalSection
	GlobalSection(SolutionProperties) = preSolution
		HideSolutionNode = FALSE
	EndGlobalSection
	GlobalSection(ExtensibilityGlobals) = postSolution
		SolutionGuid = {31FA5345-FCCB-4013-9238-4A38FD5DDF52}
	EndGlobalSection
EndGlobal
